
Microsoft Visual Studio Solution File, Format Version 12.00
# Visual Studio Version 17
VisualStudioVersion = 17.5.33502.453
MinimumVisualStudioVersion = 10.0.40219.1
Project("{FAE04EC0-301F-11D3-BF4B-00C04F79EFBC}") = "MovieAPI", "MovieAPI.csproj", "{533834AA-C923-4D03-8767-1EC821A2AE0C}"
EndProject
Global
	GlobalSection(SolutionConfigurationPlatforms) = preSolution
		Debug|Any CPU = Debug|Any CPU
		Release|Any CPU = Release|Any CPU
	EndGlobalSection
	GlobalSection(ProjectConfigurationPlatforms) = postSolution
		{533834AA-C923-4D03-8767-1EC821A2AE0C}.Debug|Any CPU.ActiveCfg = Debug|Any CPU
		{533834AA-C923-4D03-8767-1EC821A2AE0C}.Debug|Any CPU.Build.0 = Debug|Any CPU
		{533834AA-C923-4D03-8767-1EC821A2AE0C}.Release|Any CPU.ActiveCfg = Release|Any CPU
		{533834AA-C923-4D03-8767-1EC821A2AE0C}.Release|Any CPU.Build.0 = Release|Any CPU
	EndGlobalSection
	GlobalSection(SolutionProperties) = preSolution
		HideSolutionNode = FALSE
	EndGlobalSection
	GlobalSection(ExtensibilityGlobals) = postSolution
		SolutionGuid = {4FE52CC8-EEA5-4913-8DA3-16572C5EBE11}
	EndGlobalSection
EndGlobal
